
Microsoft Visual Studio Solution File, Format Version 12.00
# Visual Studio 15
VisualStudioVersion = 15.0.27428.2037
MinimumVisualStudioVersion = 10.0.40219.1
Project("{FAE04EC0-301F-11D3-BF4B-00C04F79EFBC}") = "SendApp.Android", "SendApp\SendApp.Android\SendApp.Android.csproj", "{AEA41802-DD46-4EAE-81E8-2DDA356D42FB}"
EndProject
Project("{FAE04EC0-301F-11D3-BF4B-00C04F79EFBC}") = "SendApp.iOS", "SendApp\SendApp.iOS\SendApp.iOS.csproj", "{CC53E132-EA48-423F-885B-A9357B1F2F29}"
EndProject
Project("{FAE04EC0-301F-11D3-BF4B-00C04F79EFBC}") = "SendApp.UWP", "SendApp\SendApp.UWP\SendApp.UWP.csproj", "{A990269E-383D-4C69-BDD5-ECE9942F6AA7}"
EndProject
Project("{FAE04EC0-301F-11D3-BF4B-00C04F79EFBC}") = "SendApp", "SendApp\SendApp\SendApp.csproj", "{B5258228-AD61-4A45-B2E8-B14AA23F8802}"
EndProject
Global
	GlobalSection(SolutionConfigurationPlatforms) = preSolution
		Ad-Hoc|Any CPU = Ad-Hoc|Any CPU
		Ad-Hoc|ARM = Ad-Hoc|ARM
		Ad-Hoc|iPhone = Ad-Hoc|iPhone
		Ad-Hoc|iPhoneSimulator = Ad-Hoc|iPhoneSimulator
		Ad-Hoc|x64 = Ad-Hoc|x64
		Ad-Hoc|x86 = Ad-Hoc|x86
		AppStore|Any CPU = AppStore|Any CPU
		AppStore|ARM = AppStore|ARM
		AppStore|iPhone = AppStore|iPhone
		AppStore|iPhoneSimulator = AppStore|iPhoneSimulator
		AppStore|x64 = AppStore|x64
		AppStore|x86 = AppStore|x86
		Debug|Any CPU = Debug|Any CPU
		Debug|ARM = Debug|ARM
		Debug|iPhone = Debug|iPhone
		Debug|iPhoneSimulator = Debug|iPhoneSimulator
		Debug|x64 = Debug|x64
		Debug|x86 = Debug|x86
		Release|Any CPU = Release|Any CPU
		Release|ARM = Release|ARM
		Release|iPhone = Release|iPhone
		Release|iPhoneSimulator = Release|iPhoneSimulator
		Release|x64 = Release|x64
		Release|x86 = Release|x86
	EndGlobalSection
	GlobalSection(ProjectConfigurationPlatforms) = postSolution
		{AEA41802-DD46-4EAE-81E8-2DDA356D42FB}.Ad-Hoc|Any CPU.ActiveCfg = Release|Any CPU
		{AEA41802-DD46-4EAE-81E8-2DDA356D42FB}.Ad-Hoc|Any CPU.Build.0 = Release|Any CPU
		{AEA41802-DD46-4EAE-81E8-2DDA356D42FB}.Ad-Hoc|Any CPU.Deploy.0 = Release|Any CPU
		{AEA41802-DD46-4EAE-81E8-2DDA356D42FB}.Ad-Hoc|ARM.ActiveCfg = Release|Any CPU
		{AEA41802-DD46-4EAE-81E8-2DDA356D42FB}.Ad-Hoc|ARM.Build.0 = Release|Any CPU
		{AEA41802-DD46-4EAE-81E8-2DDA356D42FB}.Ad-Hoc|ARM.Deploy.0 = Release|Any CPU
		{AEA41802-DD46-4EAE-81E8-2DDA356D42FB}.Ad-Hoc|iPhone.ActiveCfg = Release|Any CPU
		{AEA41802-DD46-4EAE-81E8-2DDA356D42FB}.Ad-Hoc|iPhone.Build.0 = Release|Any CPU
		{AEA41802-DD46-4EAE-81E8-2DDA356D42FB}.Ad-Hoc|iPhone.Deploy.0 = Release|Any CPU
		{AEA41802-DD46-4EAE-81E8-2DDA356D42FB}.Ad-Hoc|iPhoneSimulator.ActiveCfg = Release|Any CPU
		{AEA41802-DD46-4EAE-81E8-2DDA356D42FB}.Ad-Hoc|iPhoneSimulator.Build.0 = Release|Any CPU
		{AEA41802-DD46-4EAE-81E8-2DDA356D42FB}.Ad-Hoc|iPhoneSimulator.Deploy.0 = Release|Any CPU
		{AEA41802-DD46-4EAE-81E8-2DDA356D42FB}.Ad-Hoc|x64.ActiveCfg = Release|Any CPU
		{AEA41802-DD46-4EAE-81E8-2DDA356D42FB}.Ad-Hoc|x64.Build.0 = Release|Any CPU
		{AEA41802-DD46-4EAE-81E8-2DDA356D42FB}.Ad-Hoc|x64.Deploy.0 = Release|Any CPU
		{AEA41802-DD46-4EAE-81E8-2DDA356D42FB}.Ad-Hoc|x86.ActiveCfg = Release|Any CPU
		{AEA41802-DD46-4EAE-81E8-2DDA356D42FB}.Ad-Hoc|x86.Build.0 = Release|Any CPU
		{AEA41802-DD46-4EAE-81E8-2DDA356D42FB}.Ad-Hoc|x86.Deploy.0 = Release|Any CPU
		{AEA41802-DD46-4EAE-81E8-2DDA356D42FB}.AppStore|Any CPU.ActiveCfg = Release|Any CPU
		{AEA41802-DD46-4EAE-81E8-2DDA356D42FB}.AppStore|Any CPU.Build.0 = Release|Any CPU
		{AEA41802-DD46-4EAE-81E8-2DDA356D42FB}.AppStore|Any CPU.Deploy.0 = Release|Any CPU
		{AEA41802-DD46-4EAE-81E8-2DDA356D42FB}.AppStore|ARM.ActiveCfg = Release|Any CPU
		{AEA41802-DD46-4EAE-81E8-2DDA356D42FB}.AppStore|ARM.Build.0 = Release|Any CPU
		{AEA41802-DD46-4EAE-81E8-2DDA356D42FB}.AppStore|ARM.Deploy.0 = Release|Any CPU
		{AEA41802-DD46-4EAE-81E8-2DDA356D42FB}.AppStore|iPhone.ActiveCfg = Release|Any CPU
		{AEA41802-DD46-4EAE-81E8-2DDA356D42FB}.AppStore|iPhone.Build.0 = Release|Any CPU
		{AEA41802-DD46-4EAE-81E8-2DDA356D42FB}.AppStore|iPhone.Deploy.0 = Release|Any CPU
		{AEA41802-DD46-4EAE-81E8-2DDA356D42FB}.AppStore|iPhoneSimulator.ActiveCfg = Release|Any CPU
		{AEA41802-DD46-4EAE-81E8-2DDA356D42FB}.AppStore|iPhoneSimulator.Build.0 = Release|Any CPU
		{AEA41802-DD46-4EAE-81E8-2DDA356D42FB}.AppStore|iPhoneSimulator.Deploy.0 = Release|Any CPU
		{AEA41802-DD46-4EAE-81E8-2DDA356D42FB}.AppStore|x64.ActiveCfg = Release|Any CPU
		{AEA41802-DD46-4EAE-81E8-2DDA356D42FB}.AppStore|x64.Build.0 = Release|Any CPU
		{AEA41802-DD46-4EAE-81E8-2DDA356D42FB}.AppStore|x64.Deploy.0 = Release|Any CPU
		{AEA41802-DD46-4EAE-81E8-2DDA356D42FB}.AppStore|x86.ActiveCfg = Release|Any CPU
		{AEA41802-DD46-4EAE-81E8-2DDA356D42FB}.AppStore|x86.Build.0 = Release|Any CPU
		{AEA41802-DD46-4EAE-81E8-2DDA356D42FB}.AppStore|x86.Deploy.0 = Release|Any CPU
		{AEA41802-DD46-4EAE-81E8-2DDA356D42FB}.Debug|Any CPU.ActiveCfg = Debug|Any CPU
		{AEA41802-DD46-4EAE-81E8-2DDA356D42FB}.Debug|Any CPU.Build.0 = Debug|Any CPU
		{AEA41802-DD46-4EAE-81E8-2DDA356D42FB}.Debug|Any CPU.Deploy.0 = Debug|Any CPU
		{AEA41802-DD46-4EAE-81E8-2DDA356D42FB}.Debug|ARM.ActiveCfg = Debug|Any CPU
		{AEA41802-DD46-4EAE-81E8-2DDA356D42FB}.Debug|ARM.Build.0 = Debug|Any CPU
		{AEA41802-DD46-4EAE-81E8-2DDA356D42FB}.Debug|ARM.Deploy.0 = Debug|Any CPU
		{AEA41802-DD46-4EAE-81E8-2DDA356D42FB}.Debug|iPhone.ActiveCfg = Debug|Any CPU
		{AEA41802-DD46-4EAE-81E8-2DDA356D42FB}.Debug|iPhone.Build.0 = Debug|Any CPU
		{AEA41802-DD46-4EAE-81E8-2DDA356D42FB}.Debug|iPhone.Deploy.0 = Debug|Any CPU
		{AEA41802-DD46-4EAE-81E8-2DDA356D42FB}.Debug|iPhoneSimulator.ActiveCfg = Debug|Any CPU
		{AEA41802-DD46-4EAE-81E8-2DDA356D42FB}.Debug|iPhoneSimulator.Build.0 = Debug|Any CPU
		{AEA41802-DD46-4EAE-81E8-2DDA356D42FB}.Debug|iPhoneSimulator.Deploy.0 = Debug|Any CPU
		{AEA41802-DD46-4EAE-81E8-2DDA356D42FB}.Debug|x64.ActiveCfg = Debug|Any CPU
		{AEA41802-DD46-4EAE-81E8-2DDA356D42FB}.Debug|x64.Build.0 = Debug|Any CPU
		{AEA41802-DD46-4EAE-81E8-2DDA356D42FB}.Debug|x64.Deploy.0 = Debug|Any CPU
		{AEA41802-DD46-4EAE-81E8-2DDA356D42FB}.Debug|x86.ActiveCfg = Debug|Any CPU
		{AEA41802-DD46-4EAE-81E8-2DDA356D42FB}.Debug|x86.Build.0 = Debug|Any CPU
		{AEA41802-DD46-4EAE-81E8-2DDA356D42FB}.Debug|x86.Deploy.0 = Debug|Any CPU
		{AEA41802-DD46-4EAE-81E8-2DDA356D42FB}.Release|Any CPU.ActiveCfg = Release|Any CPU
		{AEA41802-DD46-4EAE-81E8-2DDA356D42FB}.Release|Any CPU.Build.0 = Release|Any CPU
		{AEA41802-DD46-4EAE-81E8-2DDA356D42FB}.Release|Any CPU.Deploy.0 = Release|Any CPU
		{AEA41802-DD46-4EAE-81E8-2DDA356D42FB}.Release|ARM.ActiveCfg = Release|Any CPU
		{AEA41802-DD46-4EAE-81E8-2DDA356D42FB}.Release|ARM.Build.0 = Release|Any CPU
		{AEA41802-DD46-4EAE-81E8-2DDA356D42FB}.Release|ARM.Deploy.0 = Release|Any CPU
		{AEA41802-DD46-4EAE-81E8-2DDA356D42FB}.Release|iPhone.ActiveCfg = Release|Any CPU
		{AEA41802-DD46-4EAE-81E8-2DDA356D42FB}.Release|iPhone.Build.0 = Release|Any CPU
		{AEA41802-DD46-4EAE-81E8-2DDA356D42FB}.Release|iPhone.Deploy.0 = Release|Any CPU
		{AEA41802-DD46-4EAE-81E8-2DDA356D42FB}.Release|iPhoneSimulator.ActiveCfg = Release|Any CPU
		{AEA41802-DD46-4EAE-81E8-2DDA356D42FB}.Release|iPhoneSimulator.Build.0 = Release|Any CPU
		{AEA41802-DD46-4EAE-81E8-2DDA356D42FB}.Release|iPhoneSimulator.Deploy.0 = Release|Any CPU
		{AEA41802-DD46-4EAE-81E8-2DDA356D42FB}.Release|x64.ActiveCfg = Release|Any CPU
		{AEA41802-DD46-4EAE-81E8-2DDA356D42FB}.Release|x64.Build.0 = Release|Any CPU
		{AEA41802-DD46-4EAE-81E8-2DDA356D42FB}.Release|x64.Deploy.0 = Release|Any CPU
		{AEA41802-DD46-4EAE-81E8-2DDA356D42FB}.Release|x86.ActiveCfg = Release|Any CPU
		{AEA41802-DD46-4EAE-81E8-2DDA356D42FB}.Release|x86.Build.0 = Release|Any CPU
		{AEA41802-DD46-4EAE-81E8-2DDA356D42FB}.Release|x86.Deploy.0 = Release|Any CPU
		{CC53E132-EA48-423F-885B-A9357B1F2F29}.Ad-Hoc|Any CPU.ActiveCfg = Ad-Hoc|iPhone
		{CC53E132-EA48-423F-885B-A9357B1F2F29}.Ad-Hoc|ARM.ActiveCfg = Ad-Hoc|iPhone
		{CC53E132-EA48-423F-885B-A9357B1F2F29}.Ad-Hoc|iPhone.ActiveCfg = Ad-Hoc|iPhone
		{CC53E132-EA48-423F-885B-A9357B1F2F29}.Ad-Hoc|iPhone.Build.0 = Ad-Hoc|iPhone
		{CC53E132-EA48-423F-885B-A9357B1F2F29}.Ad-Hoc|iPhoneSimulator.ActiveCfg = Ad-Hoc|iPhoneSimulator
		{CC53E132-EA48-423F-885B-A9357B1F2F29}.Ad-Hoc|iPhoneSimulator.Build.0 = Ad-Hoc|iPhoneSimulator
		{CC53E132-EA48-423F-885B-A9357B1F2F29}.Ad-Hoc|x64.ActiveCfg = Ad-Hoc|iPhone
		{CC53E132-EA48-423F-885B-A9357B1F2F29}.Ad-Hoc|x86.ActiveCfg = Ad-Hoc|iPhone
		{CC53E132-EA48-423F-885B-A9357B1F2F29}.AppStore|Any CPU.ActiveCfg = AppStore|iPhone
		{CC53E132-EA48-423F-885B-A9357B1F2F29}.AppStore|ARM.ActiveCfg = AppStore|iPhone
		{CC53E132-EA48-423F-885B-A9357B1F2F29}.AppStore|iPhone.ActiveCfg = AppStore|iPhone
		{CC53E132-EA48-423F-885B-A9357B1F2F29}.AppStore|iPhone.Build.0 = AppStore|iPhone
		{CC53E132-EA48-423F-885B-A9357B1F2F29}.AppStore|iPhoneSimulator.ActiveCfg = AppStore|iPhoneSimulator
		{CC53E132-EA48-423F-885B-A9357B1F2F29}.AppStore|iPhoneSimulator.Build.0 = AppStore|iPhoneSimulator
		{CC53E132-EA48-423F-885B-A9357B1F2F29}.AppStore|x64.ActiveCfg = AppStore|iPhone
		{CC53E132-EA48-423F-885B-A9357B1F2F29}.AppStore|x86.ActiveCfg = AppStore|iPhone
		{CC53E132-EA48-423F-885B-A9357B1F2F29}.Debug|Any CPU.ActiveCfg = Debug|iPhone
		{CC53E132-EA48-423F-885B-A9357B1F2F29}.Debug|ARM.ActiveCfg = Debug|iPhone
		{CC53E132-EA48-423F-885B-A9357B1F2F29}.Debug|iPhone.ActiveCfg = Debug|iPhone
		{CC53E132-EA48-423F-885B-A9357B1F2F29}.Debug|iPhone.Build.0 = Debug|iPhone
		{CC53E132-EA48-423F-885B-A9357B1F2F29}.Debug|iPhoneSimulator.ActiveCfg = Debug|iPhoneSimulator
		{CC53E132-EA48-423F-885B-A9357B1F2F29}.Debug|iPhoneSimulator.Build.0 = Debug|iPhoneSimulator
		{CC53E132-EA48-423F-885B-A9357B1F2F29}.Debug|x64.ActiveCfg = Debug|iPhone
		{CC53E132-EA48-423F-885B-A9357B1F2F29}.Debug|x86.ActiveCfg = Debug|iPhone
		{CC53E132-EA48-423F-885B-A9357B1F2F29}.Release|Any CPU.ActiveCfg = Release|iPhone
		{CC53E132-EA48-423F-885B-A9357B1F2F29}.Release|ARM.ActiveCfg = Release|iPhone
		{CC53E132-EA48-423F-885B-A9357B1F2F29}.Release|iPhone.ActiveCfg = Release|iPhone
		{CC53E132-EA48-423F-885B-A9357B1F2F29}.Release|iPhone.Build.0 = Release|iPhone
		{CC53E132-EA48-423F-885B-A9357B1F2F29}.Release|iPhoneSimulator.ActiveCfg = Release|iPhoneSimulator
		{CC53E132-EA48-423F-885B-A9357B1F2F29}.Release|iPhoneSimulator.Build.0 = Release|iPhoneSimulator
		{CC53E132-EA48-423F-885B-A9357B1F2F29}.Release|x64.ActiveCfg = Release|iPhone
		{CC53E132-EA48-423F-885B-A9357B1F2F29}.Release|x86.ActiveCfg = Release|iPhone
		{A990269E-383D-4C69-BDD5-ECE9942F6AA7}.Ad-Hoc|Any CPU.ActiveCfg = Release|x86
		{A990269E-383D-4C69-BDD5-ECE9942F6AA7}.Ad-Hoc|Any CPU.Build.0 = Release|x86
		{A990269E-383D-4C69-BDD5-ECE9942F6AA7}.Ad-Hoc|Any CPU.Deploy.0 = Release|x86
		{A990269E-383D-4C69-BDD5-ECE9942F6AA7}.Ad-Hoc|ARM.ActiveCfg = Release|ARM
		{A990269E-383D-4C69-BDD5-ECE9942F6AA7}.Ad-Hoc|ARM.Build.0 = Release|ARM
		{A990269E-383D-4C69-BDD5-ECE9942F6AA7}.Ad-Hoc|ARM.Deploy.0 = Release|ARM
		{A990269E-383D-4C69-BDD5-ECE9942F6AA7}.Ad-Hoc|iPhone.ActiveCfg = Release|x86
		{A990269E-383D-4C69-BDD5-ECE9942F6AA7}.Ad-Hoc|iPhone.Build.0 = Release|x86
		{A990269E-383D-4C69-BDD5-ECE9942F6AA7}.Ad-Hoc|iPhone.Deploy.0 = Release|x86
		{A990269E-383D-4C69-BDD5-ECE9942F6AA7}.Ad-Hoc|iPhoneSimulator.ActiveCfg = Release|x86
		{A990269E-383D-4C69-BDD5-ECE9942F6AA7}.Ad-Hoc|iPhoneSimulator.Build.0 = Release|x86
		{A990269E-383D-4C69-BDD5-ECE9942F6AA7}.Ad-Hoc|iPhoneSimulator.Deploy.0 = Release|x86
		{A990269E-383D-4C69-BDD5-ECE9942F6AA7}.Ad-Hoc|x64.ActiveCfg = Release|x64
		{A990269E-383D-4C69-BDD5-ECE9942F6AA7}.Ad-Hoc|x64.Build.0 = Release|x64
		{A990269E-383D-4C69-BDD5-ECE9942F6AA7}.Ad-Hoc|x64.Deploy.0 = Release|x64
		{A990269E-383D-4C69-BDD5-ECE9942F6AA7}.Ad-Hoc|x86.ActiveCfg = Release|x86
		{A990269E-383D-4C69-BDD5-ECE9942F6AA7}.Ad-Hoc|x86.Build.0 = Release|x86
		{A990269E-383D-4C69-BDD5-ECE9942F6AA7}.Ad-Hoc|x86.Deploy.0 = Release|x86
		{A990269E-383D-4C69-BDD5-ECE9942F6AA7}.AppStore|Any CPU.ActiveCfg = Release|x86
		{A990269E-383D-4C69-BDD5-ECE9942F6AA7}.AppStore|Any CPU.Build.0 = Release|x86
		{A990269E-383D-4C69-BDD5-ECE9942F6AA7}.AppStore|Any CPU.Deploy.0 = Release|x86
		{A990269E-383D-4C69-BDD5-ECE9942F6AA7}.AppStore|ARM.ActiveCfg = Release|ARM
		{A990269E-383D-4C69-BDD5-ECE9942F6AA7}.AppStore|ARM.Build.0 = Release|ARM
		{A990269E-383D-4C69-BDD5-ECE9942F6AA7}.AppStore|ARM.Deploy.0 = Release|ARM
		{A990269E-383D-4C69-BDD5-ECE9942F6AA7}.AppStore|iPhone.ActiveCfg = Release|x86
		{A990269E-383D-4C69-BDD5-ECE9942F6AA7}.AppStore|iPhone.Build.0 = Release|x86
		{A990269E-383D-4C69-BDD5-ECE9942F6AA7}.AppStore|iPhone.Deploy.0 = Release|x86
		{A990269E-383D-4C69-BDD5-ECE9942F6AA7}.AppStore|iPhoneSimulator.ActiveCfg = Release|x86
		{A990269E-383D-4C69-BDD5-ECE9942F6AA7}.AppStore|iPhoneSimulator.Build.0 = Release|x86
		{A990269E-383D-4C69-BDD5-ECE9942F6AA7}.AppStore|iPhoneSimulator.Deploy.0 = Release|x86
		{A990269E-383D-4C69-BDD5-ECE9942F6AA7}.AppStore|x64.ActiveCfg = Release|x64
		{A990269E-383D-4C69-BDD5-ECE9942F6AA7}.AppStore|x64.Build.0 = Release|x64
		{A990269E-383D-4C69-BDD5-ECE9942F6AA7}.AppStore|x64.Deploy.0 = Release|x64
		{A990269E-383D-4C69-BDD5-ECE9942F6AA7}.AppStore|x86.ActiveCfg = Release|x86
		{A990269E-383D-4C69-BDD5-ECE9942F6AA7}.AppStore|x86.Build.0 = Release|x86
		{A990269E-383D-4C69-BDD5-ECE9942F6AA7}.AppStore|x86.Deploy.0 = Release|x86
		{A990269E-383D-4C69-BDD5-ECE9942F6AA7}.Debug|Any CPU.ActiveCfg = Debug|x86
		{A990269E-383D-4C69-BDD5-ECE9942F6AA7}.Debug|ARM.ActiveCfg = Debug|ARM
		{A990269E-383D-4C69-BDD5-ECE9942F6AA7}.Debug|ARM.Build.0 = Debug|ARM
		{A990269E-383D-4C69-BDD5-ECE9942F6AA7}.Debug|ARM.Deploy.0 = Debug|ARM
		{A990269E-383D-4C69-BDD5-ECE9942F6AA7}.Debug|iPhone.ActiveCfg = Debug|x86
		{A990269E-383D-4C69-BDD5-ECE9942F6AA7}.Debug|iPhoneSimulator.ActiveCfg = Debug|x86
		{A990269E-383D-4C69-BDD5-ECE9942F6AA7}.Debug|x64.ActiveCfg = Debug|x64
		{A990269E-383D-4C69-BDD5-ECE9942F6AA7}.Debug|x64.Build.0 = Debug|x64
		{A990269E-383D-4C69-BDD5-ECE9942F6AA7}.Debug|x64.Deploy.0 = Debug|x64
		{A990269E-383D-4C69-BDD5-ECE9942F6AA7}.Debug|x86.ActiveCfg = Debug|x86
		{A990269E-383D-4C69-BDD5-ECE9942F6AA7}.Debug|x86.Build.0 = Debug|x86
		{A990269E-383D-4C69-BDD5-ECE9942F6AA7}.Debug|x86.Deploy.0 = Debug|x86
		{A990269E-383D-4C69-BDD5-ECE9942F6AA7}.Release|Any CPU.ActiveCfg = Release|x86
		{A990269E-383D-4C69-BDD5-ECE9942F6AA7}.Release|ARM.ActiveCfg = Release|ARM
		{A990269E-383D-4C69-BDD5-ECE9942F6AA7}.Release|ARM.Build.0 = Release|ARM
		{A990269E-383D-4C69-BDD5-ECE9942F6AA7}.Release|ARM.Deploy.0 = Release|ARM
		{A990269E-383D-4C69-BDD5-ECE9942F6AA7}.Release|iPhone.ActiveCfg = Release|x86
		{A990269E-383D-4C69-BDD5-ECE9942F6AA7}.Release|iPhoneSimulator.ActiveCfg = Release|x86
		{A990269E-383D-4C69-BDD5-ECE9942F6AA7}.Release|x64.ActiveCfg = Release|x64
		{A990269E-383D-4C69-BDD5-ECE9942F6AA7}.Release|x64.Build.0 = Release|x64
		{A990269E-383D-4C69-BDD5-ECE9942F6AA7}.Release|x64.Deploy.0 = Release|x64
		{A990269E-383D-4C69-BDD5-ECE9942F6AA7}.Release|x86.ActiveCfg = Release|x86
		{A990269E-383D-4C69-BDD5-ECE9942F6AA7}.Release|x86.Build.0 = Release|x86
		{A990269E-383D-4C69-BDD5-ECE9942F6AA7}.Release|x86.Deploy.0 = Release|x86
		{B5258228-AD61-4A45-B2E8-B14AA23F8802}.Ad-Hoc|Any CPU.ActiveCfg = Debug|Any CPU
		{B5258228-AD61-4A45-B2E8-B14AA23F8802}.Ad-Hoc|Any CPU.Build.0 = Debug|Any CPU
		{B5258228-AD61-4A45-B2E8-B14AA23F8802}.Ad-Hoc|ARM.ActiveCfg = Debug|Any CPU
		{B5258228-AD61-4A45-B2E8-B14AA23F8802}.Ad-Hoc|ARM.Build.0 = Debug|Any CPU
		{B5258228-AD61-4A45-B2E8-B14AA23F8802}.Ad-Hoc|iPhone.ActiveCfg = Debug|Any CPU
		{B5258228-AD61-4A45-B2E8-B14AA23F8802}.Ad-Hoc|iPhone.Build.0 = Debug|Any CPU
		{B5258228-AD61-4A45-B2E8-B14AA23F8802}.Ad-Hoc|iPhoneSimulator.ActiveCfg = Debug|Any CPU
		{B5258228-AD61-4A45-B2E8-B14AA23F8802}.Ad-Hoc|iPhoneSimulator.Build.0 = Debug|Any CPU
		{B5258228-AD61-4A45-B2E8-B14AA23F8802}.Ad-Hoc|x64.ActiveCfg = Debug|Any CPU
		{B5258228-AD61-4A45-B2E8-B14AA23F8802}.Ad-Hoc|x64.Build.0 = Debug|Any CPU
		{B5258228-AD61-4A45-B2E8-B14AA23F8802}.Ad-Hoc|x86.ActiveCfg = Debug|Any CPU
		{B5258228-AD61-4A45-B2E8-B14AA23F8802}.Ad-Hoc|x86.Build.0 = Debug|Any CPU
		{B5258228-AD61-4A45-B2E8-B14AA23F8802}.AppStore|Any CPU.ActiveCfg = Debug|Any CPU
		{B5258228-AD61-4A45-B2E8-B14AA23F8802}.AppStore|Any CPU.Build.0 = Debug|Any CPU
		{B5258228-AD61-4A45-B2E8-B14AA23F8802}.AppStore|ARM.ActiveCfg = Debug|Any CPU
		{B5258228-AD61-4A45-B2E8-B14AA23F8802}.AppStore|ARM.Build.0 = Debug|Any CPU
		{B5258228-AD61-4A45-B2E8-B14AA23F8802}.AppStore|iPhone.ActiveCfg = Debug|Any CPU
		{B5258228-AD61-4A45-B2E8-B14AA23F8802}.AppStore|iPhone.Build.0 = Debug|Any CPU
		{B5258228-AD61-4A45-B2E8-B14AA23F8802}.AppStore|iPhoneSimulator.ActiveCfg = Debug|Any CPU
		{B5258228-AD61-4A45-B2E8-B14AA23F8802}.AppStore|iPhoneSimulator.Build.0 = Debug|Any CPU
		{B5258228-AD61-4A45-B2E8-B14AA23F8802}.AppStore|x64.ActiveCfg = Debug|Any CPU
		{B5258228-AD61-4A45-B2E8-B14AA23F8802}.AppStore|x64.Build.0 = Debug|Any CPU
		{B5258228-AD61-4A45-B2E8-B14AA23F8802}.AppStore|x86.ActiveCfg = Debug|Any CPU
		{B5258228-AD61-4A45-B2E8-B14AA23F8802}.AppStore|x86.Build.0 = Debug|Any CPU
		{B5258228-AD61-4A45-B2E8-B14AA23F8802}.Debug|Any CPU.ActiveCfg = Debug|Any CPU
		{B5258228-AD61-4A45-B2E8-B14AA23F8802}.Debug|Any CPU.Build.0 = Debug|Any CPU
		{B5258228-AD61-4A45-B2E8-B14AA23F8802}.Debug|ARM.ActiveCfg = Debug|Any CPU
		{B5258228-AD61-4A45-B2E8-B14AA23F8802}.Debug|ARM.Build.0 = Debug|Any CPU
		{B5258228-AD61-4A45-B2E8-B14AA23F8802}.Debug|iPhone.ActiveCfg = Debug|Any CPU
		{B5258228-AD61-4A45-B2E8-B14AA23F8802}.Debug|iPhone.Build.0 = Debug|Any CPU
		{B5258228-AD61-4A45-B2E8-B14AA23F8802}.Debug|iPhoneSimulator.ActiveCfg = Debug|Any CPU
		{B5258228-AD61-4A45-B2E8-B14AA23F8802}.Debug|iPhoneSimulator.Build.0 = Debug|Any CPU
		{B5258228-AD61-4A45-B2E8-B14AA23F8802}.Debug|x64.ActiveCfg = Debug|Any CPU
		{B5258228-AD61-4A45-B2E8-B14AA23F8802}.Debug|x64.Build.0 = Debug|Any CPU
		{B5258228-AD61-4A45-B2E8-B14AA23F8802}.Debug|x86.ActiveCfg = Debug|Any CPU
		{B5258228-AD61-4A45-B2E8-B14AA23F8802}.Debug|x86.Build.0 = Debug|Any CPU
		{B5258228-AD61-4A45-B2E8-B14AA23F8802}.Release|Any CPU.ActiveCfg = Release|Any CPU
		{B5258228-AD61-4A45-B2E8-B14AA23F8802}.Release|Any CPU.Build.0 = Release|Any CPU
		{B5258228-AD61-4A45-B2E8-B14AA23F8802}.Release|ARM.ActiveCfg = Release|Any CPU
		{B5258228-AD61-4A45-B2E8-B14AA23F8802}.Release|ARM.Build.0 = Release|Any CPU
		{B5258228-AD61-4A45-B2E8-B14AA23F8802}.Release|iPhone.ActiveCfg = Release|Any CPU
		{B5258228-AD61-4A45-B2E8-B14AA23F8802}.Release|iPhone.Build.0 = Release|Any CPU
		{B5258228-AD61-4A45-B2E8-B14AA23F8802}.Release|iPhoneSimulator.ActiveCfg = Release|Any CPU
		{B5258228-AD61-4A45-B2E8-B14AA23F8802}.Release|iPhoneSimulator.Build.0 = Release|Any CPU
		{B5258228-AD61-4A45-B2E8-B14AA23F8802}.Release|x64.ActiveCfg = Release|Any CPU
		{B5258228-AD61-4A45-B2E8-B14AA23F8802}.Release|x64.Build.0 = Release|Any CPU
		{B5258228-AD61-4A45-B2E8-B14AA23F8802}.Release|x86.ActiveCfg = Release|Any CPU
		{B5258228-AD61-4A45-B2E8-B14AA23F8802}.Release|x86.Build.0 = Release|Any CPU
	EndGlobalSection
	GlobalSection(SolutionProperties) = preSolution
		HideSolutionNode = FALSE
	EndGlobalSection
	GlobalSection(ExtensibilityGlobals) = postSolution
		SolutionGuid = {34B0FE32-674F-4EBE-8F88-1A6710D54781}
	EndGlobalSection
EndGlobal
